
Microsoft Visual Studio Solution File, Format Version 12.00
# Visual Studio Version 17
VisualStudioVersion = 17.14.36511.14
MinimumVisualStudioVersion = 10.0.40219.1
Project("{FAE04EC0-301F-11D3-BF4B-00C04F79EFBC}") = "Abstracciones", "Abstracciones\Abstracciones.csproj", "{3DC8949C-A9A3-4EFB-9306-BDEED6CCF3DF}"
EndProject
Project("{00D1A9C2-B5F0-4AF3-8072-F6C62B433612}") = "BD", "BD\BD.sqlproj", "{A4694C80-5503-4B3D-A2BE-AF9930F9FB36}"
EndProject
Project("{FAE04EC0-301F-11D3-BF4B-00C04F79EFBC}") = "DA", "DA\DA.csproj", "{F8975BC7-2BD5-4592-A58D-F7FC902AF66D}"
EndProject
Project("{FAE04EC0-301F-11D3-BF4B-00C04F79EFBC}") = "Flujo", "Flujo\Flujo.csproj", "{421B6D81-37A8-47FE-B44C-A5A03C0181A1}"
EndProject
Project("{FAE04EC0-301F-11D3-BF4B-00C04F79EFBC}") = "API", "API\API.csproj", "{5CFF851C-4F76-4ED0-B92A-AB980407623D}"
EndProject
Global
	GlobalSection(SolutionConfigurationPlatforms) = preSolution
		Debug|Any CPU = Debug|Any CPU
		Release|Any CPU = Release|Any CPU
	EndGlobalSection
	GlobalSection(ProjectConfigurationPlatforms) = postSolution
		{3DC8949C-A9A3-4EFB-9306-BDEED6CCF3DF}.Debug|Any CPU.ActiveCfg = Debug|Any CPU
		{3DC8949C-A9A3-4EFB-9306-BDEED6CCF3DF}.Debug|Any CPU.Build.0 = Debug|Any CPU
		{3DC8949C-A9A3-4EFB-9306-BDEED6CCF3DF}.Release|Any CPU.ActiveCfg = Release|Any CPU
		{3DC8949C-A9A3-4EFB-9306-BDEED6CCF3DF}.Release|Any CPU.Build.0 = Release|Any CPU
		{A4694C80-5503-4B3D-A2BE-AF9930F9FB36}.Debug|Any CPU.ActiveCfg = Debug|Any CPU
		{A4694C80-5503-4B3D-A2BE-AF9930F9FB36}.Debug|Any CPU.Build.0 = Debug|Any CPU
		{A4694C80-5503-4B3D-A2BE-AF9930F9FB36}.Debug|Any CPU.Deploy.0 = Debug|Any CPU
		{A4694C80-5503-4B3D-A2BE-AF9930F9FB36}.Release|Any CPU.ActiveCfg = Release|Any CPU
		{A4694C80-5503-4B3D-A2BE-AF9930F9FB36}.Release|Any CPU.Build.0 = Release|Any CPU
		{A4694C80-5503-4B3D-A2BE-AF9930F9FB36}.Release|Any CPU.Deploy.0 = Release|Any CPU
		{F8975BC7-2BD5-4592-A58D-F7FC902AF66D}.Debug|Any CPU.ActiveCfg = Debug|Any CPU
		{F8975BC7-2BD5-4592-A58D-F7FC902AF66D}.Debug|Any CPU.Build.0 = Debug|Any CPU
		{F8975BC7-2BD5-4592-A58D-F7FC902AF66D}.Release|Any CPU.ActiveCfg = Release|Any CPU
		{F8975BC7-2BD5-4592-A58D-F7FC902AF66D}.Release|Any CPU.Build.0 = Release|Any CPU
		{421B6D81-37A8-47FE-B44C-A5A03C0181A1}.Debug|Any CPU.ActiveCfg = Debug|Any CPU
		{421B6D81-37A8-47FE-B44C-A5A03C0181A1}.Debug|Any CPU.Build.0 = Debug|Any CPU
		{421B6D81-37A8-47FE-B44C-A5A03C0181A1}.Release|Any CPU.ActiveCfg = Release|Any CPU
		{421B6D81-37A8-47FE-B44C-A5A03C0181A1}.Release|Any CPU.Build.0 = Release|Any CPU
		{5CFF851C-4F76-4ED0-B92A-AB980407623D}.Debug|Any CPU.ActiveCfg = Debug|Any CPU
		{5CFF851C-4F76-4ED0-B92A-AB980407623D}.Debug|Any CPU.Build.0 = Debug|Any CPU
		{5CFF851C-4F76-4ED0-B92A-AB980407623D}.Release|Any CPU.ActiveCfg = Release|Any CPU
		{5CFF851C-4F76-4ED0-B92A-AB980407623D}.Release|Any CPU.Build.0 = Release|Any CPU
	EndGlobalSection
	GlobalSection(SolutionProperties) = preSolution
		HideSolutionNode = FALSE
	EndGlobalSection
	GlobalSection(ExtensibilityGlobals) = postSolution
		SolutionGuid = {1C038775-C570-47ED-B700-51965369D8E1}
	EndGlobalSection
EndGlobal
